
Microsoft Visual Studio Solution File, Format Version 12.00
# Visual Studio Version 17
VisualStudioVersion = 17.11.35312.102
MinimumVisualStudioVersion = 10.0.40219.1
Project("{2150E333-8FDC-42A3-9474-1A3956D46DE8}") = "Core", "Core", "{970C77B3-FABA-40E4-AED7-84738AE347A3}"
EndProject
Project("{FAE04EC0-301F-11D3-BF4B-00C04F79EFBC}") = "BlazorProject.Domain", "Core\BlazorProject.Domain\BlazorProject.Domain.csproj", "{D4DF70EE-00C4-453C-BFC3-3EA9B325C0AF}"
EndProject
Project("{FAE04EC0-301F-11D3-BF4B-00C04F79EFBC}") = "BlazorProject.Application", "Core\BlazorProject.Application\BlazorProject.Application.csproj", "{A3EB9115-552F-41D0-AF73-FAF675D402AF}"
EndProject
Global
	GlobalSection(SolutionConfigurationPlatforms) = preSolution
		Debug|Any CPU = Debug|Any CPU
		Release|Any CPU = Release|Any CPU
	EndGlobalSection
	GlobalSection(ProjectConfigurationPlatforms) = postSolution
		{D4DF70EE-00C4-453C-BFC3-3EA9B325C0AF}.Debug|Any CPU.ActiveCfg = Debug|Any CPU
		{D4DF70EE-00C4-453C-BFC3-3EA9B325C0AF}.Debug|Any CPU.Build.0 = Debug|Any CPU
		{D4DF70EE-00C4-453C-BFC3-3EA9B325C0AF}.Release|Any CPU.ActiveCfg = Release|Any CPU
		{D4DF70EE-00C4-453C-BFC3-3EA9B325C0AF}.Release|Any CPU.Build.0 = Release|Any CPU
		{A3EB9115-552F-41D0-AF73-FAF675D402AF}.Debug|Any CPU.ActiveCfg = Debug|Any CPU
		{A3EB9115-552F-41D0-AF73-FAF675D402AF}.Debug|Any CPU.Build.0 = Debug|Any CPU
		{A3EB9115-552F-41D0-AF73-FAF675D402AF}.Release|Any CPU.ActiveCfg = Release|Any CPU
		{A3EB9115-552F-41D0-AF73-FAF675D402AF}.Release|Any CPU.Build.0 = Release|Any CPU
	EndGlobalSection
	GlobalSection(SolutionProperties) = preSolution
		HideSolutionNode = FALSE
	EndGlobalSection
	GlobalSection(NestedProjects) = preSolution
		{D4DF70EE-00C4-453C-BFC3-3EA9B325C0AF} = {970C77B3-FABA-40E4-AED7-84738AE347A3}
		{A3EB9115-552F-41D0-AF73-FAF675D402AF} = {970C77B3-FABA-40E4-AED7-84738AE347A3}
	EndGlobalSection
	GlobalSection(ExtensibilityGlobals) = postSolution
		SolutionGuid = {30EC1DF2-A95E-4210-A5C5-C4955F5475CB}
	EndGlobalSection
EndGlobal
