
Microsoft Visual Studio Solution File, Format Version 12.00
# Visual Studio Version 17
VisualStudioVersion = 17.11.35312.102
MinimumVisualStudioVersion = 10.0.40219.1
Project("{2150E333-8FDC-42A3-9474-1A3956D46DE8}") = "Core", "Core", "{970C77B3-FABA-40E4-AED7-84738AE347A3}"
EndProject
Project("{9A19103F-16F7-4668-BE54-9A1E7A4F7556}") = "BlazorProject.Domain", "Core\BlazorProject.Domain\BlazorProject.Domain.csproj", "{D4DF70EE-00C4-453C-BFC3-3EA9B325C0AF}"
EndProject
Project("{9A19103F-16F7-4668-BE54-9A1E7A4F7556}") = "BlazorProject.Application", "Core\BlazorProject.Application\BlazorProject.Application.csproj", "{A3EB9115-552F-41D0-AF73-FAF675D402AF}"
EndProject
Project("{2150E333-8FDC-42A3-9474-1A3956D46DE8}") = "Infrastructure", "Infrastructure", "{AF6F2136-356D-4BFB-B6E3-2FD863845931}"
EndProject
Project("{9A19103F-16F7-4668-BE54-9A1E7A4F7556}") = "BlazorProject.Infrastructure", "Infrastructure\BlazorProject.Infrastructure\BlazorProject.Infrastructure.csproj", "{1724D753-57B8-4523-B80C-A4AD3B508CB6}"
EndProject
Project("{2150E333-8FDC-42A3-9474-1A3956D46DE8}") = "Server", "Server", "{25C78286-5EFF-4ADD-AFE9-0EF867CB1B2F}"
EndProject
Project("{9A19103F-16F7-4668-BE54-9A1E7A4F7556}") = "BlazorProject.Server", "Server\BlazorProject.Server\BlazorProject.Server.csproj", "{E105DFFE-5273-41EC-8819-25EBF3F1D7F0}"
EndProject
Project("{FAE04EC0-301F-11D3-BF4B-00C04F79EFBC}") = "BlazorProject.Shared", "Core\BlazorProject.Shared\BlazorProject.Shared.csproj", "{DAE95200-0C3A-46E3-A3CE-E3441E3E71BD}"
EndProject
Global
	GlobalSection(SolutionConfigurationPlatforms) = preSolution
		Debug|Any CPU = Debug|Any CPU
		Release|Any CPU = Release|Any CPU
	EndGlobalSection
	GlobalSection(ProjectConfigurationPlatforms) = postSolution
		{D4DF70EE-00C4-453C-BFC3-3EA9B325C0AF}.Debug|Any CPU.ActiveCfg = Debug|Any CPU
		{D4DF70EE-00C4-453C-BFC3-3EA9B325C0AF}.Debug|Any CPU.Build.0 = Debug|Any CPU
		{D4DF70EE-00C4-453C-BFC3-3EA9B325C0AF}.Release|Any CPU.ActiveCfg = Release|Any CPU
		{D4DF70EE-00C4-453C-BFC3-3EA9B325C0AF}.Release|Any CPU.Build.0 = Release|Any CPU
		{A3EB9115-552F-41D0-AF73-FAF675D402AF}.Debug|Any CPU.ActiveCfg = Debug|Any CPU
		{A3EB9115-552F-41D0-AF73-FAF675D402AF}.Debug|Any CPU.Build.0 = Debug|Any CPU
		{A3EB9115-552F-41D0-AF73-FAF675D402AF}.Release|Any CPU.ActiveCfg = Release|Any CPU
		{A3EB9115-552F-41D0-AF73-FAF675D402AF}.Release|Any CPU.Build.0 = Release|Any CPU
		{1724D753-57B8-4523-B80C-A4AD3B508CB6}.Debug|Any CPU.ActiveCfg = Debug|Any CPU
		{1724D753-57B8-4523-B80C-A4AD3B508CB6}.Debug|Any CPU.Build.0 = Debug|Any CPU
		{1724D753-57B8-4523-B80C-A4AD3B508CB6}.Release|Any CPU.ActiveCfg = Release|Any CPU
		{1724D753-57B8-4523-B80C-A4AD3B508CB6}.Release|Any CPU.Build.0 = Release|Any CPU
		{E105DFFE-5273-41EC-8819-25EBF3F1D7F0}.Debug|Any CPU.ActiveCfg = Debug|Any CPU
		{E105DFFE-5273-41EC-8819-25EBF3F1D7F0}.Debug|Any CPU.Build.0 = Debug|Any CPU
		{E105DFFE-5273-41EC-8819-25EBF3F1D7F0}.Release|Any CPU.ActiveCfg = Release|Any CPU
		{E105DFFE-5273-41EC-8819-25EBF3F1D7F0}.Release|Any CPU.Build.0 = Release|Any CPU
		{DAE95200-0C3A-46E3-A3CE-E3441E3E71BD}.Debug|Any CPU.ActiveCfg = Debug|Any CPU
		{DAE95200-0C3A-46E3-A3CE-E3441E3E71BD}.Debug|Any CPU.Build.0 = Debug|Any CPU
		{DAE95200-0C3A-46E3-A3CE-E3441E3E71BD}.Release|Any CPU.ActiveCfg = Release|Any CPU
		{DAE95200-0C3A-46E3-A3CE-E3441E3E71BD}.Release|Any CPU.Build.0 = Release|Any CPU
	EndGlobalSection
	GlobalSection(SolutionProperties) = preSolution
		HideSolutionNode = FALSE
	EndGlobalSection
	GlobalSection(NestedProjects) = preSolution
		{D4DF70EE-00C4-453C-BFC3-3EA9B325C0AF} = {970C77B3-FABA-40E4-AED7-84738AE347A3}
		{A3EB9115-552F-41D0-AF73-FAF675D402AF} = {970C77B3-FABA-40E4-AED7-84738AE347A3}
		{1724D753-57B8-4523-B80C-A4AD3B508CB6} = {AF6F2136-356D-4BFB-B6E3-2FD863845931}
		{E105DFFE-5273-41EC-8819-25EBF3F1D7F0} = {25C78286-5EFF-4ADD-AFE9-0EF867CB1B2F}
		{DAE95200-0C3A-46E3-A3CE-E3441E3E71BD} = {970C77B3-FABA-40E4-AED7-84738AE347A3}
	EndGlobalSection
	GlobalSection(ExtensibilityGlobals) = postSolution
		SolutionGuid = {30EC1DF2-A95E-4210-A5C5-C4955F5475CB}
	EndGlobalSection
EndGlobal
